
Microsoft Visual Studio Solution File, Format Version 12.00
# Visual Studio Version 16
VisualStudioVersion = 16.0.33328.57
MinimumVisualStudioVersion = 10.0.40219.1
Project("{FAE04EC0-301F-11D3-BF4B-00C04F79EFBC}") = "BankingApp", "BankingApp.csproj", "{FD8E82DF-5221-4EC6-8691-0D97F9A5E0F2}"
EndProject
Global
	GlobalSection(SolutionConfigurationPlatforms) = preSolution
		Debug|Any CPU = Debug|Any CPU
		Release|Any CPU = Release|Any CPU
	EndGlobalSection
	GlobalSection(ProjectConfigurationPlatforms) = postSolution
		{FD8E82DF-5221-4EC6-8691-0D97F9A5E0F2}.Debug|Any CPU.ActiveCfg = Debug|Any CPU
		{FD8E82DF-5221-4EC6-8691-0D97F9A5E0F2}.Debug|Any CPU.Build.0 = Debug|Any CPU
		{FD8E82DF-5221-4EC6-8691-0D97F9A5E0F2}.Release|Any CPU.ActiveCfg = Release|Any CPU
		{FD8E82DF-5221-4EC6-8691-0D97F9A5E0F2}.Release|Any CPU.Build.0 = Release|Any CPU
	EndGlobalSection
	GlobalSection(SolutionProperties) = preSolution
		HideSolutionNode = FALSE
	EndGlobalSection
	GlobalSection(ExtensibilityGlobals) = postSolution
		SolutionGuid = {B1756CDB-A407-4AE3-AEEE-D3AB8630C11C}
	EndGlobalSection
EndGlobal
